Microsoft Visual Studio Solution File, Format Version 12.00
# Visual Studio Version 17
VisualStudioVersion = 17.0.31903.59
MinimumVisualStudioVersion = 10.0.40219.1
Project("{FAE04EC0-301F-11D3-BF4B-00C04F79EFBC}") = "GSpiral", "src\GSpiral\GSpiral.csproj", "{7D48AB1F-3EE7-4EA1-8B2E-26F2C2A42E6C}"
EndProject
Project("{FAE04EC0-301F-11D3-BF4B-00C04F79EFBC}") = "GSpiral.Tests", "tests\GSpiral.Tests\GSpiral.Tests.csproj", "{E9DC2A8E-B2BD-45AD-BD14-A20C85C02E23}"
EndProject
Global
    GlobalSection(SolutionConfigurationPlatforms) = preSolution
        Debug|Any CPU = Debug|Any CPU
        Release|Any CPU = Release|Any CPU
    EndGlobalSection
    GlobalSection(ProjectConfigurationPlatforms) = postSolution
        {7D48AB1F-3EE7-4EA1-8B2E-26F2C2A42E6C}.Debug|Any CPU.ActiveCfg = Debug|Any CPU
        {7D48AB1F-3EE7-4EA1-8B2E-26F2C2A42E6C}.Debug|Any CPU.Build.0 = Debug|Any CPU
        {7D48AB1F-3EE7-4EA1-8B2E-26F2C2A42E6C}.Release|Any CPU.ActiveCfg = Release|Any CPU
        {7D48AB1F-3EE7-4EA1-8B2E-26F2C2A42E6C}.Release|Any CPU.Build.0 = Release|Any CPU
        {E9DC2A8E-B2BD-45AD-BD14-A20C85C02E23}.Debug|Any CPU.ActiveCfg = Debug|Any CPU
        {E9DC2A8E-B2BD-45AD-BD14-A20C85C02E23}.Debug|Any CPU.Build.0 = Debug|Any CPU
        {E9DC2A8E-B2BD-45AD-BD14-A20C85C02E23}.Release|Any CPU.ActiveCfg = Release|Any CPU
        {E9DC2A8E-B2BD-45AD-BD14-A20C85C02E23}.Release|Any CPU.Build.0 = Release|Any CPU
    EndGlobalSection
EndGlobal
